// !$*UTF8*$!
{
	archiveVersion = 1;
	classes = {
	};
	objectVersion = 46;
	objects = {

/* Begin PBXBuildFile section */
		F2AE86841AD0A82F00F74116 /* AppDelegate.swift in Sources */ = {isa = PBXBuildFile; fileRef = F2AE86831AD0A82F00F74116 /* AppDelegate.swift */; };
		F2AE86861AD0A82F00F74116 /* ViewController.swift in Sources */ = {isa = PBXBuildFile; fileRef = F2AE86851AD0A82F00F74116 /* ViewController.swift */; };
		F2AE86891AD0A82F00F74116 /* Main.storyboard in Resources */ = {isa = PBXBuildFile; fileRef = F2AE86871AD0A82F00F74116 /* Main.storyboard */; };
		F2AE868B1AD0A82F00F74116 /* Images.xcassets in Resources */ = {isa = PBXBuildFile; fileRef = F2AE868A1AD0A82F00F74116 /* Images.xcassets */; };
		F2AE868E1AD0A82F00F74116 /* LaunchScreen.xib in Resources */ = {isa = PBXBuildFile; fileRef = F2AE868C1AD0A82F00F74116 /* LaunchScreen.xib */; };
		F2AE869A1AD0A82F00F74116 /* isItPrimeTests.swift in Sources */ = {isa = PBXBuildFile; fileRef = F2AE86991AD0A82F00F74116 /* isItPrimeTests.swift */; };
/* End PBXBuildFile section */

/* Begin PBXContainerItemProxy section */
		F2AE86941AD0A82F00F74116 /* PBXContainerItemProxy */ = {
			isa = PBXContainerItemProxy;
			containerPortal = F2AE86761AD0A82F00F74116 /* Project object */;
			proxyType = 1;
			remoteGlobalIDString = F2AE867D1AD0A82F00F74116;
			remoteInfo = isItPrime;
		};
/* End PBXContainerItemProxy section */

/* Begin PBXFileReference section */
		F2AE867E1AD0A82F00F74116 /* isItPrime.app */ = {isa = PBXFileReference; explicitFileType = wrapper.application; includeInIndex = 0; path = isItPrime.app; sourceTree = BUILT_PRODUCTS_DIR; };
		F2AE86821AD0A82F00F74116 /* Info.plist */ = {isa = PBXFileReference; lastKnownFileType = text.plist.xml; path = Info.plist; sourceTree = "<group>"; };
		F2AE86831AD0A82F00F74116 /* AppDelegate.swift */ = {isa = PBXFileReference; lastKnownFileType = sourcecode.swift; path = AppDelegate.swift; sourceTree = "<group>"; };
		F2AE86851AD0A82F00F74116 /* ViewController.swift */ = {isa = PBXFileReference; lastKnownFileType = sourcecode.swift; path = ViewController.swift; sourceTree = "<group>"; };
		F2AE86881AD0A82F00F74116 /* Base */ = {isa = PBXFileReference; lastKnownFileType = file.storyboard; name = Base; path = Base.lproj/Main.storyboard; sourceTree = "<group>"; };
		F2AE868A1AD0A82F00F74116 /* Images.xcassets */ = {isa = PBXFileReference; lastKnownFileType = folder.assetcatalog; path = Images.xcassets; sourceTree = "<group>"; };
		F2AE868D1AD0A82F00F74116 /* Base */ = {isa = PBXFileReference; lastKnownFileType = file.xib; name = Base; path = Base.lproj/LaunchScreen.xib; sourceTree = "<group>"; };
		F2AE86931AD0A82F00F74116 /* isItPrimeTests.xctest */ = {isa = PBXFileReference; explicitFileType = wrapper.cfbundle; includeInIndex = 0; path = isItPrimeTests.xctest; sourceTree = BUILT_PRODUCTS_DIR; };
		F2AE86981AD0A82F00F74116 /* Info.plist */ = {isa = PBXFileReference; lastKnownFileType = text.plist.xml; path = Info.plist; sourceTree = "<group>"; };
		F2AE86991AD0A82F00F74116 /* isItPrimeTests.swift */ = {isa = PBXFileReference; lastKnownFileType = sourcecode.swift; path = isItPrimeTests.swift; sourceTree = "<group>"; };
/* End PBXFileReference section */

/* Begin PBXFrameworksBuildPhase section */
		F2AE867B1AD0A82F00F74116 /* Frameworks */ = {
			isa = PBXFrameworksBuildPhase;
			buildActionMask = 2147483647;
			files = (
			);
			runOnlyForDeploymentPostprocessing = 0;
		};
		F2AE86901AD0A82F00F74116 /* Frameworks */ = {
			isa = PBXFrameworksBuildPhase;
			buildActionMask = 2147483647;
			files = (
			);
			runOnlyForDeploymentPostprocessing = 0;
		};
/* End PBXFrameworksBuildPhase section */

/* Begin PBXGroup section */
		F2AE86751AD0A82F00F74116 = {
			isa = PBXGroup;
			children = (
				F2AE86801AD0A82F00F74116 /* isItPrime */,
				F2AE86961AD0A82F00F74116 /* isItPrimeTests */,
				F2AE867F1AD0A82F00F74116 /* Products */,
			);
			sourceTree = "<group>";
		};
		F2AE867F1AD0A82F00F74116 /* Products */ = {
			isa = PBXGroup;
			children = (
				F2AE867E1AD0A82F00F74116 /* isItPrime.app */,
				F2AE86931AD0A82F00F74116 /* isItPrimeTests.xctest */,
			);
			name = Products;
			sourceTree = "<group>";
		};
		F2AE86801AD0A82F00F74116 /* isItPrime */ = {
			isa = PBXGroup;
			children = (
				F2AE86831AD0A82F00F74116 /* AppDelegate.swift */,
				F2AE86851AD0A82F00F74116 /* ViewController.swift */,
				F2AE86871AD0A82F00F74116 /* Main.storyboard */,
				F2AE868A1AD0A82F00F74116 /* Images.xcassets */,
				F2AE868C1AD0A82F00F74116 /* LaunchScreen.xib */,
				F2AE86811AD0A82F00F74116 /* Supporting Files */,
			);
			path = isItPrime;
			sourceTree = "<group>";
		};
		F2AE86811AD0A82F00F74116 /* Supporting Files */ = {
			isa = PBXGroup;
			children = (
				F2AE86821AD0A82F00F74116 /* Info.plist */,
			);
			name = "Supporting Files";
			sourceTree = "<group>";
		};
		F2AE86961AD0A82F00F74116 /* isItPrimeTests */ = {
			isa = PBXGroup;
			children = (
				F2AE86991AD0A82F00F74116 /* isItPrimeTests.swift */,
				F2AE86971AD0A82F00F74116 /* Supporting Files */,
			);
			path = isItPrimeTests;
			sourceTree = "<group>";
		};
		F2AE86971AD0A82F00F74116 /* Supporting Files */ = {
			isa = PBXGroup;
			children = (
				F2AE86981AD0A82F00F74116 /* Info.plist */,
			);
			name = "Supporting Files";
			sourceTree = "<group>";
		};
/* End PBXGroup section */

/* Begin PBXNativeTarget section */
		F2AE867D1AD0A82F00F74116 /* isItPrime */ = {
			isa = PBXNativeTarget;
			buildConfigurationList = F2AE869D1AD0A82F00F74116 /* Build configuration list for PBXNativeTarget "isItPrime" */;
			buildPhases = (
				F2AE867A1AD0A82F00F74116 /* Sources */,
				F2AE867B1AD0A82F00F74116 /* Frameworks */,
				F2AE867C1AD0A82F00F74116 /* Resources */,
			);
			buildRules = (
			);
			dependencies = (
			);
			name = isItPrime;
			productName = isItPrime;
			productReference = F2AE867E1AD0A82F00F74116 /* isItPrime.app */;
			productType = "com.apple.product-type.application";
		};
		F2AE86921AD0A82F00F74116 /* isItPrimeTests */ = {
			isa = PBXNativeTarget;
			buildConfigurationList = F2AE86A01AD0A82F00F74116 /* Build configuration list for PBXNativeTarget "isItPrimeTests" */;
			buildPhases = (
				F2AE868F1AD0A82F00F74116 /* Sources */,
				F2AE86901AD0A82F00F74116 /* Frameworks */,
				F2AE86911AD0A82F00F74116 /* Resources */,
			);
			buildRules = (
			);
			dependencies = (
				F2AE86951AD0A82F00F74116 /* PBXTargetDependency */,
			);
			name = isItPrimeTests;
			productName = isItPrimeTests;
			productReference = F2AE86931AD0A82F00F74116 /* isItPrimeTests.xctest */;
			productType = "com.apple.product-type.bundle.unit-test";
		};
/* End PBXNativeTarget section */

/* Begin PBXProject section */
		F2AE86761AD0A82F00F74116 /* Project object */ = {
			isa = PBXProject;
			attributes = {
				LastUpgradeCheck = 0620;
				ORGANIZATIONNAME = Ron;
				TargetAttributes = {
					F2AE867D1AD0A82F00F74116 = {
						CreatedOnToolsVersion = 6.2;
					};
					F2AE86921AD0A82F00F74116 = {
						CreatedOnToolsVersion = 6.2;
						TestTargetID = F2AE867D1AD0A82F00F74116;
					};
				};
			};
			buildConfigurationList = F2AE86791AD0A82F00F74116 /* Build configuration list for PBXProject "isItPrime" */;
			compatibilityVersion = "Xcode 3.2";
			developmentRegion = English;
			hasScannedForEncodings = 0;
			knownRegions = (
				en,
				Base,
			);
			mainGroup = F2AE86751AD0A82F00F74116;
			productRefGroup = F2AE867F1AD0A82F00F74116 /* Products */;
			projectDirPath = "";
			projectRoot = "";
			targets = (
				F2AE867D1AD0A82F00F74116 /* isItPrime */,
				F2AE86921AD0A82F00F74116 /* isItPrimeTests */,
			);
		};
/* End PBXProject section */

/* Begin PBXResourcesBuildPhase section */
		F2AE867C1AD0A82F00F74116 /* Resources */ = {
			isa = PBXResourcesBuildPhase;
			buildActionMask = 2147483647;
			files = (
				F2AE86891AD0A82F00F74116 /* Main.storyboard in Resources */,
				F2AE868E1AD0A82F00F74116 /* LaunchScreen.xib in Resources */,
				F2AE868B1AD0A82F00F74116 /* Images.xcassets in Resources */,
			);
			runOnlyForDeploymentPostprocessing = 0;
		};
		F2AE86911AD0A82F00F74116 /* Resources */ = {
			isa = PBXResourcesBuildPhase;
			buildActionMask = 2147483647;
			files = (
			);
			runOnlyForDeploymentPostprocessing = 0;
		};
/* End PBXResourcesBuildPhase section */

/* Begin PBXSourcesBuildPhase section */
		F2AE867A1AD0A82F00F74116 /* Sources */ = {
			isa = PBXSourcesBuildPhase;
			buildActionMask = 2147483647;
			files = (
				F2AE86861AD0A82F00F74116 /* ViewController.swift in Sources */,
				F2AE86841AD0A82F00F74116 /* AppDelegate.swift in Sources */,
			);
			runOnlyForDeploymentPostprocessing = 0;
		};
		F2AE868F1AD0A82F00F74116 /* Sources */ = {
			isa = PBXSourcesBuildPhase;
			buildActionMask = 2147483647;
			files = (
				F2AE869A1AD0A82F00F74116 /* isItPrimeTests.swift in Sources */,
			);
			runOnlyForDeploymentPostprocessing = 0;
		};
/* End PBXSourcesBuildPhase section */

/* Begin PBXTargetDependency section */
		F2AE86951AD0A82F00F74116 /* PBXTargetDependency */ = {
			isa = PBXTargetDependency;
			target = F2AE867D1AD0A82F00F74116 /* isItPrime */;
			targetProxy = F2AE86941AD0A82F00F74116 /* PBXContainerItemProxy */;
		};
/* End PBXTargetDependency section */

/* Begin PBXVariantGroup section */
		F2AE86871AD0A82F00F74116 /* Main.storyboard */ = {
			isa = PBXVariantGroup;
			children = (
				F2AE86881AD0A82F00F74116 /* Base */,
			);
			name = Main.storyboard;
			sourceTree = "<group>";
		};
		F2AE868C1AD0A82F00F74116 /* LaunchScreen.xib */ = {
			isa = PBXVariantGroup;
			children = (
				F2AE868D1AD0A82F00F74116 /* Base */,
			);
			name = LaunchScreen.xib;
			sourceTree = "<group>";
		};
/* End PBXVariantGroup section */

/* Begin XCBuildConfiguration section */
		F2AE869B1AD0A82F00F74116 /* Debug */ = {
			isa = XCBuildConfiguration;
			buildSettings = {
				ALWAYS_SEARCH_USER_PATHS = NO;
				CLANG_CXX_LANGUAGE_STANDARD = "gnu++0x";
				CLANG_CXX_LIBRARY = "libc++";
				CLANG_ENABLE_MODULES = YES;
				CLANG_ENABLE_OBJC_ARC = YES;
				CLANG_WARN_BOOL_CONVERSION = YES;
				CLANG_WARN_CONSTANT_CONVERSION = YES;
				CLANG_WARN_DIRECT_OBJC_ISA_USAGE = YES_ERROR;
				CLANG_WARN_EMPTY_BODY = YES;
				CLANG_WARN_ENUM_CONVERSION = YES;
				CLANG_WARN_INT_CONVERSION = YES;
				CLANG_WARN_OBJC_ROOT_CLASS = YES_ERROR;
				CLANG_WARN_UNREACHABLE_CODE = YES;
				CLANG_WARN__DUPLICATE_METHOD_MATCH = YES;
				"CODE_SIGN_IDENTITY[sdk=iphoneos*]" = "iPhone Developer";
				COPY_PHASE_STRIP = NO;
				ENABLE_STRICT_OBJC_MSGSEND = YES;
				GCC_C_LANGUAGE_STANDARD = gnu99;
				GCC_DYNAMIC_NO_PIC = NO;
				GCC_OPTIMIZATION_LEVEL = 0;
				GCC_PREPROCESSOR_DEFINITIONS = (
					"DEBUG=1",
					"$(inherited)",
				);
				GCC_SYMBOLS_PRIVATE_EXTERN = NO;
				GCC_WARN_64_TO_32_BIT_CONVERSION = YES;
				GCC_WARN_ABOUT_RETURN_TYPE = YES_ERROR;
				GCC_WARN_UNDECLARED_SELECTOR = YES;
				GCC_WARN_UNINITIALIZED_AUTOS = YES_AGGRESSIVE;
				GCC_WARN_UNUSED_FUNCTION = YES;
				GCC_WARN_UNUSED_VARIABLE = YES;
				IPHONEOS_DEPLOYMENT_TARGET = 8.2;
				MTL_ENABLE_DEBUG_INFO = YES;
				ONLY_ACTIVE_ARCH = YES;
				SDKROOT = iphoneos;
				SWIFT_OPTIMIZATION_LEVEL = "-Onone";
			};
			name = Debug;
		};
		F2AE869C1AD0A82F00F74116 /* Release */ = {
			isa = XCBuildConfiguration;
			buildSettings = {
				ALWAYS_SEARCH_USER_PATHS = NO;
				CLANG_CXX_LANGUAGE_STANDARD = "gnu++0x";
				CLANG_CXX_LIBRARY = "libc++";
				CLANG_ENABLE_MODULES = YES;
				CLANG_ENABLE_OBJC_ARC = YES;
				CLANG_WARN_BOOL_CONVERSION = YES;
				CLANG_WARN_CONSTANT_CONVERSION = YES;
				CLANG_WARN_DIRECT_OBJC_ISA_USAGE = YES_ERROR;
				CLANG_WARN_EMPTY_BODY = YES;
				CLANG_WARN_ENUM_CONVERSION = YES;
				CLANG_WARN_INT_CONVERSION = YES;
				CLANG_WARN_OBJC_ROOT_CLASS = YES_ERROR;
				CLANG_WARN_UNREACHABLE_CODE = YES;
				CLANG_WARN__DUPLICATE_METHOD_MATCH = YES;
				"CODE_SIGN_IDENTITY[sdk=iphoneos*]" = "iPhone Developer";
				COPY_PHASE_STRIP = NO;
				ENABLE_NS_ASSERTIONS = NO;
				ENABLE_STRICT_OBJC_MSGSEND = YES;
				GCC_C_LANGUAGE_STANDARD = gnu99;
				GCC_WARN_64_TO_32_BIT_CONVERSION = YES;
				GCC_WARN_ABOUT_RETURN_TYPE = YES_ERROR;
				GCC_WARN_UNDECLARED_SELECTOR = YES;
				GCC_WARN_UNINITIALIZED_AUTOS = YES_AGGRESSIVE;
				GCC_WARN_UNUSED_FUNCTION = YES;
				GCC_WARN_UNUSED_VARIABLE = YES;
				IPHONEOS_DEPLOYMENT_TARGET = 8.2;
				MTL_ENABLE_DEBUG_INFO = NO;
				SDKROOT = iphoneos;
				VALIDATE_PRODUCT = YES;
			};
			name = Release;
		};
		F2AE869E1AD0A82F00F74116 /* Debug */ = {
			isa = XCBuildConfiguration;
			buildSettings = {
				ASSETCATALOG_COMPILER_APPICON_NAME = AppIcon;
				INFOPLIST_FILE = isItPrime/Info.plist;
				LD_RUNPATH_SEARCH_PATHS = "$(inherited) @executable_path/Frameworks";
				PRODUCT_NAME = "$(TARGET_NAME)";
			};
			name = Debug;
		};
		F2AE869F1AD0A82F00F74116 /* Release */ = {
			isa = XCBuildConfiguration;
			buildSettings = {
				ASSETCATALOG_COMPILER_APPICON_NAME = AppIcon;
				INFOPLIST_FILE = isItPrime/Info.plist;
				LD_RUNPATH_SEARCH_PATHS = "$(inherited) @executable_path/Frameworks";
				PRODUCT_NAME = "$(TARGET_NAME)";
			};
			name = Release;
		};
		F2AE86A11AD0A82F00F74116 /* Debug */ = {
			isa = XCBuildConfiguration;
			buildSettings = {
				BUNDLE_LOADER = "$(TEST_HOST)";
				FRAMEWORK_SEARCH_PATHS = (
					"$(SDKROOT)/Developer/Library/Frameworks",
					"$(inherited)",
				);
				GCC_PREPROCESSOR_DEFINITIONS = (
					"DEBUG=1",
					"$(inherited)",
				);
				INFOPLIST_FILE = isItPrimeTests/Info.plist;
				LD_RUNPATH_SEARCH_PATHS = "$(inherited) @executable_path/Frameworks @loader_path/Frameworks";
				PRODUCT_NAME = "$(TARGET_NAME)";
				TEST_HOST = "$(BUILT_PRODUCTS_DIR)/isItPrime.app/isItPrime";
			};
			name = Debug;
		};
		F2AE86A21AD0A82F00F74116 /* Release */ = {
			isa = XCBuildConfiguration;
			buildSettings = {
				BUNDLE_LOADER = "$(TEST_HOST)";
				FRAMEWORK_SEARCH_PATHS = (
					"$(SDKROOT)/Developer/Library/Frameworks",
					"$(inherited)",
				);
				INFOPLIST_FILE = isItPrimeTests/Info.plist;
				LD_RUNPATH_SEARCH_PATHS = "$(inherited) @executable_path/Frameworks @loader_path/Frameworks";
				PRODUCT_NAME = "$(TARGET_NAME)";
				TEST_HOST = "$(BUILT_PRODUCTS_DIR)/isItPrime.app/isItPrime";
			};
			name = Release;
		};
/* End XCBuildConfiguration section */

/* Begin XCConfigurationList section */
		F2AE86791AD0A82F00F74116 /* Build configuration list for PBXProject "isItPrime" */ = {
			isa = XCConfigurationList;
			buildConfigurations = (
				F2AE869B1AD0A82F00F74116 /* Debug */,
				F2AE869C1AD0A82F00F74116 /* Release */,
			);
			defaultConfigurationIsVisible = 0;
			defaultConfigurationName = Release;
		};
		F2AE869D1AD0A82F00F74116 /* Build configuration list for PBXNativeTarget "isItPrime" */ = {
			isa = XCConfigurationList;
			buildConfigurations = (
				F2AE869E1AD0A82F00F74116 /* Debug */,
				F2AE869F1AD0A82F00F74116 /* Release */,
			);
			defaultConfigurationIsVisible = 0;
		};
		F2AE86A01AD0A82F00F74116 /* Build configuration list for PBXNativeTarget "isItPrimeTests" */ = {
			isa = XCConfigurationList;
			buildConfigurations = (
				F2AE86A11AD0A82F00F74116 /* Debug */,
				F2AE86A21AD0A82F00F74116 /* Release */,
			);
			defaultConfigurationIsVisible = 0;
		};
/* End XCConfigurationList section */
	};
	rootObject = F2AE86761AD0A82F00F74116 /* Project object */;
}
